
Microsoft Visual Studio Solution File, Format Version 12.00
# Visual Studio Version 16
VisualStudioVersion = 16.0.30204.135
MinimumVisualStudioVersion = 10.0.40219.1
Project("{FAE04EC0-301F-11D3-BF4B-00C04F79EFBC}") = "MoviesApi", "MoviesApi\MoviesApi.csproj", "{BB5AC2CE-B52C-4083-A017-351E63B97557}"
EndProject
Global
	GlobalSection(SolutionConfigurationPlatforms) = preSolution
		Debug|Any CPU = Debug|Any CPU
		Release|Any CPU = Release|Any CPU
	EndGlobalSection
	GlobalSection(ProjectConfigurationPlatforms) = postSolution
		{BB5AC2CE-B52C-4083-A017-351E63B97557}.Debug|Any CPU.ActiveCfg = Debug|Any CPU
		{BB5AC2CE-B52C-4083-A017-351E63B97557}.Debug|Any CPU.Build.0 = Debug|Any CPU
		{BB5AC2CE-B52C-4083-A017-351E63B97557}.Release|Any CPU.ActiveCfg = Release|Any CPU
		{BB5AC2CE-B52C-4083-A017-351E63B97557}.Release|Any CPU.Build.0 = Release|Any CPU
	EndGlobalSection
	GlobalSection(SolutionProperties) = preSolution
		HideSolutionNode = FALSE
	EndGlobalSection
	GlobalSection(ExtensibilityGlobals) = postSolution
		SolutionGuid = {A4AA3ABA-5761-4C88-B593-025C36821D29}
	EndGlobalSection
EndGlobal
