
Microsoft Visual Studio Solution File, Format Version 12.00
# Visual Studio Version 17
VisualStudioVersion = 17.10.35122.118
MinimumVisualStudioVersion = 10.0.40219.1
Project("{FAE04EC0-301F-11D3-BF4B-00C04F79EFBC}") = "MyDictionaryApp", "MyDictionaryApp\MyDictionaryApp.csproj", "{4C74B9B5-C36F-45C1-BF24-BB2622DB658C}"
EndProject
Project("{2150E333-8FDC-42A3-9474-1A3956D46DE8}") = "Solution Items", "Solution Items", "{5E940062-6C3A-47C9-AA8E-AC97B36CF0C9}"
	ProjectSection(SolutionItems) = preProject
		.gitignore = .gitignore
		Directory.Build.props = Directory.Build.props
		Directory.Build.targets = Directory.Build.targets
		Directory.Packages.props = Directory.Packages.props
		global.json = global.json
	EndProjectSection
EndProject
Global
	GlobalSection(SolutionConfigurationPlatforms) = preSolution
		Debug|Any CPU = Debug|Any CPU
		Release|Any CPU = Release|Any CPU
	EndGlobalSection
	GlobalSection(ProjectConfigurationPlatforms) = postSolution
		{4C74B9B5-C36F-45C1-BF24-BB2622DB658C}.Debug|Any CPU.ActiveCfg = Debug|Any CPU
		{4C74B9B5-C36F-45C1-BF24-BB2622DB658C}.Debug|Any CPU.Build.0 = Debug|Any CPU
		{4C74B9B5-C36F-45C1-BF24-BB2622DB658C}.Debug|Any CPU.Deploy.0 = Debug|Any CPU
		{4C74B9B5-C36F-45C1-BF24-BB2622DB658C}.Release|Any CPU.ActiveCfg = Release|Any CPU
		{4C74B9B5-C36F-45C1-BF24-BB2622DB658C}.Release|Any CPU.Build.0 = Release|Any CPU
		{4C74B9B5-C36F-45C1-BF24-BB2622DB658C}.Release|Any CPU.Deploy.0 = Release|Any CPU
	EndGlobalSection
	GlobalSection(SolutionProperties) = preSolution
		HideSolutionNode = FALSE
	EndGlobalSection
	GlobalSection(ExtensibilityGlobals) = postSolution
		SolutionGuid = {85A974E4-6AC4-4D69-A5C4-82380D8204D4}
	EndGlobalSection
EndGlobal
